Microsoft Visual Studio Solution File, Format Version 12.00
# Visual Studio Version 17
VisualStudioVersion = 17.5.2.0
MinimumVisualStudioVersion = 10.0.40219.1
Project("{FAE04EC0-301F-11D3-BF4B-00C04F79EFBC}") = "Contexto", "Contexto.csproj", "{E647FC3D-5B1A-9063-403C-E11D26983359}"
EndProject
Global
	GlobalSection(SolutionConfigurationPlatforms) = preSolution
		Debug|Any CPU = Debug|Any CPU
		Release|Any CPU = Release|Any CPU
	EndGlobalSection
	GlobalSection(ProjectConfigurationPlatforms) = postSolution
		{E647FC3D-5B1A-9063-403C-E11D26983359}.Debug|Any CPU.ActiveCfg = Debug|Any CPU
		{E647FC3D-5B1A-9063-403C-E11D26983359}.Debug|Any CPU.Build.0 = Debug|Any CPU
		{E647FC3D-5B1A-9063-403C-E11D26983359}.Release|Any CPU.ActiveCfg = Release|Any CPU
		{E647FC3D-5B1A-9063-403C-E11D26983359}.Release|Any CPU.Build.0 = Release|Any CPU
	EndGlobalSection
	GlobalSection(SolutionProperties) = preSolution
		HideSolutionNode = FALSE
	EndGlobalSection
	GlobalSection(ExtensibilityGlobals) = postSolution
		SolutionGuid = {73FEC8C9-502D-4649-895C-021D0BD18C48}
	EndGlobalSection
EndGlobal
